{
  "nodes": {
    "ags": {
      "inputs": {
        "astal": [
          "astal-bar",
          "astal"
        ],
        "nixpkgs": [
          "astal-bar",
          "nixpkgs"
        ]
      },
      "locked": {
        "lastModified": 1764289441,
        "narHash": "sha256-ak+lgFiYE5PHByN1/BRkO5JP498hno6Ix24C1Qf/vec=",
        "owner": "aylur",
        "repo": "ags",
        "rev": "e169694390548dfd38ff40f1ef2163d6c3ffe3ea",
        "type": "github"
      },
      "original": {
        "owner": "aylur",
        "repo": "ags",
        "type": "github"
      }
    },
    "astal": {
      "inputs": {
        "nixpkgs": [
          "astal-bar",
          "nixpkgs"
        ]
      },
      "locked": {
        "lastModified": 1764173295,
        "narHash": "sha256-Jh4VtPcK2Ov+RTcV9FtyQRsxiJmXFQGfqX6jjM7/mgc=",
        "owner": "aylur",
        "repo": "astal",
        "rev": "7d1fac8a4b2a14954843a978d2ddde86168c75ef",
        "type": "github"
      },
      "original": {
        "owner": "aylur",
        "repo": "astal",
        "type": "github"
      }
    },
    "astal-bar": {
      "inputs": {
        "ags": "ags",
        "astal": "astal",
        "nixpkgs": "nixpkgs",
        "tabler-icons": "tabler-icons"
      },
      "locked": {
        "lastModified": 1769130713,
        "narHash": "sha256-DLUyEP7ni8GL3KNuwwSlmvdfTRXkfMN0wis/tpU01mA=",
        "owner": "theodufthir",
        "repo": "dotfiles",
        "rev": "ae97a902a5da1720e4bb3cc8882c4ee835ae441b",
        "type": "github"
      },
      "original": {
        "owner": "theodufthir",
        "ref": "ags-v3-config",
        "repo": "dotfiles",
        "type": "github"
      }
    },
    "fprintd-55b4": {
      "inputs": {
        "nixpkgs": "nixpkgs_2"
      },
      "locked": {
        "lastModified": 1761494329,
        "narHash": "sha256-0IodxWgvastP6sEg1d+L4tR0vKepScTWxOkl3ob0ooI=",
        "owner": "theodufthir",
        "repo": "libfprint",
        "rev": "bc473951e4710d4936f0669aebbbe0af3dc5ba19",
        "type": "github"
      },
      "original": {
        "owner": "theodufthir",
        "ref": "55b4-experimental",
        "repo": "libfprint",
        "type": "github"
      }
    },
    "home-manager": {
      "inputs": {
        "nixpkgs": [
          "nixpkgs-unstable"
        ]
      },
      "locked": {
        "lastModified": 1777476904,
        "narHash": "sha256-EeLoE8n4+QCbteyAsYXxhfr97RFfWL1ga0xwfL6lpKw=",
        "owner": "nix-community",
        "repo": "home-manager",
        "rev": "8c8e5389e75a36bee53920de8ee24f017b3ae03e",
        "type": "github"
      },
      "original": {
        "owner": "nix-community",
        "repo": "home-manager",
        "type": "github"
      }
    },
    "nixpkgs": {
      "locked": {
        "lastModified": 1766902085,
        "narHash": "sha256-coBu0ONtFzlwwVBzmjacUQwj3G+lybcZ1oeNSQkgC0M=",
        "owner": "nixos",
        "repo": "nixpkgs",
        "rev": "c0b0e0fddf73fd517c3471e546c0df87a42d53f4",
        "type": "github"
      },
      "original": {
        "owner": "nixos",
        "ref": "nixos-unstable",
        "repo": "nixpkgs",
        "type": "github"
      }
    },
    "nixpkgs-unstable": {
      "locked": {
        "lastModified": 1777268161,
        "narHash": "sha256-bxrdOn8SCOv8tN4JbTF/TXq7kjo9ag4M+C8yzzIRYbE=",
        "owner": "NixOS",
        "repo": "nixpkgs",
        "rev": "1c3fe55ad329cbcb28471bb30f05c9827f724c76",
        "type": "github"
      },
      "original": {
        "owner": "NixOS",
        "ref": "nixos-unstable",
        "repo": "nixpkgs",
        "type": "github"
      }
    },
    "nixpkgs_2": {
      "locked": {
        "lastModified": 1730616424,
        "narHash": "sha256-5FMuorBuIyxxa+bIPPKSlqOuV0ISUQfzBjyujqOQjvg=",
        "owner": "nixos",
        "repo": "nixpkgs",
        "rev": "ec5881151cfe27e080d7a3e8f25672d83c0a1f44",
        "type": "github"
      },
      "original": {
        "owner": "nixos",
        "ref": "ec5881151cfe27e080d7a3e8f25672d83c0a1f44",
        "repo": "nixpkgs",
        "type": "github"
      }
    },
    "nixpkgs_3": {
      "locked": {
        "lastModified": 1767313136,
        "narHash": "sha256-16KkgfdYqjaeRGBaYsNrhPRRENs0qzkQVUooNHtoy2w=",
        "owner": "NixOS",
        "repo": "nixpkgs",
        "rev": "ac62194c3917d5f474c1a844b6fd6da2db95077d",
        "type": "github"
      },
      "original": {
        "owner": "NixOS",
        "ref": "nixos-25.05",
        "repo": "nixpkgs",
        "type": "github"
      }
    },
    "root": {
      "inputs": {
        "astal-bar": "astal-bar",
        "fprintd-55b4": "fprintd-55b4",
        "home-manager": "home-manager",
        "nixpkgs": "nixpkgs_3",
        "nixpkgs-unstable": "nixpkgs-unstable"
      }
    },
    "tabler-icons": {
      "inputs": {
        "nixpkgs": [
          "astal-bar",
          "nixpkgs"
        ]
      },
      "locked": {
        "lastModified": 1737063261,
        "narHash": "sha256-Z8fe2KoUiR07m6Uc6+x1RHovgjDev4/RmcCWFs8zEXY=",
        "owner": "theodufthir",
        "repo": "tabler-icons-nixpkg",
        "rev": "ac1ab259ec42cf57c0981ce0cc30beda3f57ced8",
        "type": "github"
      },
      "original": {
        "owner": "theodufthir",
        "repo": "tabler-icons-nixpkg",
        "type": "github"
      }
    }
  },
  "root": "root",
  "version": 7
}
